
Microsoft Visual Studio Solution File, Format Version 12.00
# Visual Studio 14
VisualStudioVersion = 14.0.25420.1
MinimumVisualStudioVersion = 10.0.40219.1
Project("{FAE04EC0-301F-11D3-BF4B-00C04F79EFBC}") = "Desktop", "Desktop.csproj", "{DD32FC8E-4685-4B35-A14B-A0CFC3238250}"
EndProject
Project("{FAE04EC0-301F-11D3-BF4B-00C04F79EFBC}") = "Astrodon.Data", "Astrodon.Data\Astrodon.Data.csproj", "{89422917-7104-43AA-B124-BCCABF3C733B}"
EndProject
Project("{FAE04EC0-301F-11D3-BF4B-00C04F79EFBC}") = "ConsoleHost", "PastelReportServer\ConsoleHost\ConsoleHost.csproj", "{BFD9F879-784A-40B8-A1AC-8E5F0815B0BC}"
EndProject
Project("{2150E333-8FDC-42A3-9474-1A3956D46DE8}") = "Reporting", "Reporting", "{D37CCCDF-36F8-4319-8C86-21C948CCF778}"
EndProject
Project("{FAE04EC0-301F-11D3-BF4B-00C04F79EFBC}") = "PastelReportServer", "PastelReportServer\PastelReportServer\PastelReportServer.csproj", "{479C6C3D-B394-43E8-A8BC-3569F377FA36}"
EndProject
Project("{FAE04EC0-301F-11D3-BF4B-00C04F79EFBC}") = "PastelReportService", "PastelReportServer\PastelReportService\PastelReportService.csproj", "{100A030D-7F41-452B-AA4E-14365A6E6D62}"
EndProject
Project("{FAE04EC0-301F-11D3-BF4B-00C04F79EFBC}") = "AstroLibrary", "AstroLibrary\AstroLibrary.csproj", "{CE7D8E45-B945-4013-8633-C2ADD2AC8876}"
EndProject
Project("{2150E333-8FDC-42A3-9474-1A3956D46DE8}") = "Utilities", "Utilities", "{7AD1FD3E-B2BB-424D-B3BB-F9874C1382A4}"
EndProject
Project("{FAE04EC0-301F-11D3-BF4B-00C04F79EFBC}") = "Pastel8Test", "..\Utilities\Pastel8Test\Pastel8Test.csproj", "{EDD47821-65E4-4095-8859-FA6305551F1E}"
EndProject
Project("{FAE04EC0-301F-11D3-BF4B-00C04F79EFBC}") = "TestDirecroy", "..\..\..\TestDirecroy\TestDirecroy.csproj", "{7E4BE068-114B-4665-8A7D-09FFC81753E7}"
EndProject
Global
	GlobalSection(SolutionConfigurationPlatforms) = preSolution
		Debug|Any CPU = Debug|Any CPU
		Release|Any CPU = Release|Any CPU
	EndGlobalSection
	GlobalSection(ProjectConfigurationPlatforms) = postSolution
		{DD32FC8E-4685-4B35-A14B-A0CFC3238250}.Debug|Any CPU.ActiveCfg = Debug|Any CPU
		{DD32FC8E-4685-4B35-A14B-A0CFC3238250}.Debug|Any CPU.Build.0 = Debug|Any CPU
		{DD32FC8E-4685-4B35-A14B-A0CFC3238250}.Release|Any CPU.ActiveCfg = Release|Any CPU
		{DD32FC8E-4685-4B35-A14B-A0CFC3238250}.Release|Any CPU.Build.0 = Release|Any CPU
		{89422917-7104-43AA-B124-BCCABF3C733B}.Debug|Any CPU.ActiveCfg = Debug|Any CPU
		{89422917-7104-43AA-B124-BCCABF3C733B}.Debug|Any CPU.Build.0 = Debug|Any CPU
		{89422917-7104-43AA-B124-BCCABF3C733B}.Release|Any CPU.ActiveCfg = Release|Any CPU
		{89422917-7104-43AA-B124-BCCABF3C733B}.Release|Any CPU.Build.0 = Release|Any CPU
		{BFD9F879-784A-40B8-A1AC-8E5F0815B0BC}.Debug|Any CPU.ActiveCfg = Debug|Any CPU
		{BFD9F879-784A-40B8-A1AC-8E5F0815B0BC}.Debug|Any CPU.Build.0 = Debug|Any CPU
		{BFD9F879-784A-40B8-A1AC-8E5F0815B0BC}.Release|Any CPU.ActiveCfg = Release|Any CPU
		{BFD9F879-784A-40B8-A1AC-8E5F0815B0BC}.Release|Any CPU.Build.0 = Release|Any CPU
		{479C6C3D-B394-43E8-A8BC-3569F377FA36}.Debug|Any CPU.ActiveCfg = Debug|Any CPU
		{479C6C3D-B394-43E8-A8BC-3569F377FA36}.Debug|Any CPU.Build.0 = Debug|Any CPU
		{479C6C3D-B394-43E8-A8BC-3569F377FA36}.Release|Any CPU.ActiveCfg = Release|Any CPU
		{479C6C3D-B394-43E8-A8BC-3569F377FA36}.Release|Any CPU.Build.0 = Release|Any CPU
		{100A030D-7F41-452B-AA4E-14365A6E6D62}.Debug|Any CPU.ActiveCfg = Debug|Any CPU
		{100A030D-7F41-452B-AA4E-14365A6E6D62}.Debug|Any CPU.Build.0 = Debug|Any CPU
		{100A030D-7F41-452B-AA4E-14365A6E6D62}.Release|Any CPU.ActiveCfg = Release|Any CPU
		{100A030D-7F41-452B-AA4E-14365A6E6D62}.Release|Any CPU.Build.0 = Release|Any CPU
		{CE7D8E45-B945-4013-8633-C2ADD2AC8876}.Debug|Any CPU.ActiveCfg = Debug|Any CPU
		{CE7D8E45-B945-4013-8633-C2ADD2AC8876}.Debug|Any CPU.Build.0 = Debug|Any CPU
		{CE7D8E45-B945-4013-8633-C2ADD2AC8876}.Release|Any CPU.ActiveCfg = Release|Any CPU
		{CE7D8E45-B945-4013-8633-C2ADD2AC8876}.Release|Any CPU.Build.0 = Release|Any CPU
		{EDD47821-65E4-4095-8859-FA6305551F1E}.Debug|Any CPU.ActiveCfg = Debug|Any CPU
		{EDD47821-65E4-4095-8859-FA6305551F1E}.Debug|Any CPU.Build.0 = Debug|Any CPU
		{EDD47821-65E4-4095-8859-FA6305551F1E}.Release|Any CPU.ActiveCfg = Release|Any CPU
		{EDD47821-65E4-4095-8859-FA6305551F1E}.Release|Any CPU.Build.0 = Release|Any CPU
		{7E4BE068-114B-4665-8A7D-09FFC81753E7}.Debug|Any CPU.ActiveCfg = Debug|Any CPU
		{7E4BE068-114B-4665-8A7D-09FFC81753E7}.Debug|Any CPU.Build.0 = Debug|Any CPU
		{7E4BE068-114B-4665-8A7D-09FFC81753E7}.Release|Any CPU.ActiveCfg = Release|Any CPU
		{7E4BE068-114B-4665-8A7D-09FFC81753E7}.Release|Any CPU.Build.0 = Release|Any CPU
	EndGlobalSection
	GlobalSection(SolutionProperties) = preSolution
		HideSolutionNode = FALSE
	EndGlobalSection
	GlobalSection(NestedProjects) = preSolution
		{BFD9F879-784A-40B8-A1AC-8E5F0815B0BC} = {D37CCCDF-36F8-4319-8C86-21C948CCF778}
		{479C6C3D-B394-43E8-A8BC-3569F377FA36} = {D37CCCDF-36F8-4319-8C86-21C948CCF778}
		{100A030D-7F41-452B-AA4E-14365A6E6D62} = {D37CCCDF-36F8-4319-8C86-21C948CCF778}
		{EDD47821-65E4-4095-8859-FA6305551F1E} = {7AD1FD3E-B2BB-424D-B3BB-F9874C1382A4}
	EndGlobalSection
EndGlobal
