
Microsoft Visual Studio Solution File, Format Version 12.00
# Visual Studio 14
VisualStudioVersion = 14.0.25420.1
MinimumVisualStudioVersion = 10.0.40219.1
Project("{FAE04EC0-301F-11D3-BF4B-00C04F79EFBC}") = "Desktop", "Desktop.csproj", "{DD32FC8E-4685-4B35-A14B-A0CFC3238250}"
EndProject
Project("{FAE04EC0-301F-11D3-BF4B-00C04F79EFBC}") = "Astrodon.Data", "Astrodon.Data\Astrodon.Data.csproj", "{89422917-7104-43AA-B124-BCCABF3C733B}"
EndProject
Global
	GlobalSection(SolutionConfigurationPlatforms) = preSolution
		Debug|Any CPU = Debug|Any CPU
		Release|Any CPU = Release|Any CPU
	EndGlobalSection
	GlobalSection(ProjectConfigurationPlatforms) = postSolution
		{DD32FC8E-4685-4B35-A14B-A0CFC3238250}.Debug|Any CPU.ActiveCfg = Debug|Any CPU
		{DD32FC8E-4685-4B35-A14B-A0CFC3238250}.Debug|Any CPU.Build.0 = Debug|Any CPU
		{DD32FC8E-4685-4B35-A14B-A0CFC3238250}.Release|Any CPU.ActiveCfg = Release|Any CPU
		{DD32FC8E-4685-4B35-A14B-A0CFC3238250}.Release|Any CPU.Build.0 = Release|Any CPU
		{89422917-7104-43AA-B124-BCCABF3C733B}.Debug|Any CPU.ActiveCfg = Debug|Any CPU
		{89422917-7104-43AA-B124-BCCABF3C733B}.Debug|Any CPU.Build.0 = Debug|Any CPU
		{89422917-7104-43AA-B124-BCCABF3C733B}.Release|Any CPU.ActiveCfg = Release|Any CPU
		{89422917-7104-43AA-B124-BCCABF3C733B}.Release|Any CPU.Build.0 = Release|Any CPU
	EndGlobalSection
	GlobalSection(SolutionProperties) = preSolution
		HideSolutionNode = FALSE
	EndGlobalSection
EndGlobal
